
Microsoft Visual Studio Solution File, Format Version 12.00
# Visual Studio Version 17
VisualStudioVersion = 17.2.32616.157
MinimumVisualStudioVersion = 10.0.40219.1
Project("{FAE04EC0-301F-11D3-BF4B-00C04F79EFBC}") = "Exercicio2", "Exercicio2\Exercicio2.csproj", "{EB7B0CE9-44BD-4F0F-8EA2-5810D14DED64}"
EndProject
Global
	GlobalSection(SolutionConfigurationPlatforms) = preSolution
		Debug|Any CPU = Debug|Any CPU
		Release|Any CPU = Release|Any CPU
	EndGlobalSection
	GlobalSection(ProjectConfigurationPlatforms) = postSolution
		{EB7B0CE9-44BD-4F0F-8EA2-5810D14DED64}.Debug|Any CPU.ActiveCfg = Debug|Any CPU
		{EB7B0CE9-44BD-4F0F-8EA2-5810D14DED64}.Debug|Any CPU.Build.0 = Debug|Any CPU
		{EB7B0CE9-44BD-4F0F-8EA2-5810D14DED64}.Release|Any CPU.ActiveCfg = Release|Any CPU
		{EB7B0CE9-44BD-4F0F-8EA2-5810D14DED64}.Release|Any CPU.Build.0 = Release|Any CPU
	EndGlobalSection
	GlobalSection(SolutionProperties) = preSolution
		HideSolutionNode = FALSE
	EndGlobalSection
	GlobalSection(ExtensibilityGlobals) = postSolution
		SolutionGuid = {016DA01D-D385-46AB-9E63-EF9F28631A72}
	EndGlobalSection
EndGlobal
